
Microsoft Visual Studio Solution File, Format Version 12.00
# Visual Studio Version 17
VisualStudioVersion = 17.5.2.0
MinimumVisualStudioVersion = 10.0.40219.1
Project("{2150E333-8FDC-42A3-9474-1A3956D46DE8}") = "Урок1", "Урок1", "{76FA69DC-A410-4C4A-2E88-0922F48A386B}"
EndProject
Project("{FAE04EC0-301F-11D3-BF4B-00C04F79EFBC}") = "Task1", "Урок1\Task1\Task1.csproj", "{CF55E6C9-B76C-8F5F-9F02-0590D1A5F550}"
EndProject
Global
	GlobalSection(SolutionConfigurationPlatforms) = preSolution
		Debug|Any CPU = Debug|Any CPU
		Release|Any CPU = Release|Any CPU
	EndGlobalSection
	GlobalSection(ProjectConfigurationPlatforms) = postSolution
		{CF55E6C9-B76C-8F5F-9F02-0590D1A5F550}.Debug|Any CPU.ActiveCfg = Debug|Any CPU
		{CF55E6C9-B76C-8F5F-9F02-0590D1A5F550}.Debug|Any CPU.Build.0 = Debug|Any CPU
		{CF55E6C9-B76C-8F5F-9F02-0590D1A5F550}.Release|Any CPU.ActiveCfg = Release|Any CPU
		{CF55E6C9-B76C-8F5F-9F02-0590D1A5F550}.Release|Any CPU.Build.0 = Release|Any CPU
	EndGlobalSection
	GlobalSection(SolutionProperties) = preSolution
		HideSolutionNode = FALSE
	EndGlobalSection
	GlobalSection(NestedProjects) = preSolution
		{CF55E6C9-B76C-8F5F-9F02-0590D1A5F550} = {76FA69DC-A410-4C4A-2E88-0922F48A386B}
	EndGlobalSection
	GlobalSection(ExtensibilityGlobals) = postSolution
		SolutionGuid = {61DCA39C-69E5-4E74-98C8-DDC86E40F30D}
	EndGlobalSection
EndGlobal
